// !$*UTF8*$!
{
	archiveVersion = 1;
	classes = {
	};
	objectVersion = 56;
	objects = {

/* Begin PBXBuildFile section */
		63267A70293AA8AB00E66588 /* Get Current Time and Date.swift in Sources */ = {isa = PBXBuildFile; fileRef = 63267A6F293AA8AB00E66588 /* Get Current Time and Date.swift */; };
		63267A73293AB10800E66588 /* Encode Data for Saving to Disk.swift in Sources */ = {isa = PBXBuildFile; fileRef = 63267A72293AB10800E66588 /* Encode Data for Saving to Disk.swift */; };
		6348586929607C3B005B7358 /* Networking Error.swift in Sources */ = {isa = PBXBuildFile; fileRef = 6348586829607C3B005B7358 /* Networking Error.swift */; };
		6348586C2960EFEE005B7358 /* Acknowledged Contributor.swift in Sources */ = {isa = PBXBuildFile; fileRef = 6348586B2960EFEE005B7358 /* Acknowledged Contributor.swift */; };
		6348586F2960F1E4005B7358 /* ButtonThatOpensWebsites.swift in Sources */ = {isa = PBXBuildFile; fileRef = 6348586E2960F1E4005B7358 /* ButtonThatOpensWebsites.swift */; };
		635B4EC9295F5367003D31B6 /* AppDelegate.swift in Sources */ = {isa = PBXBuildFile; fileRef = 635B4EC8295F5367003D31B6 /* AppDelegate.swift */; };
		635B4ECB295F540E003D31B6 /* NSApplication - Get App Name.swift in Sources */ = {isa = PBXBuildFile; fileRef = 635B4ECA295F540E003D31B6 /* NSApplication - Get App Name.swift */; };
		635B4ECD295F542C003D31B6 /* NSApplication - Get App Version.swift in Sources */ = {isa = PBXBuildFile; fileRef = 635B4ECC295F542C003D31B6 /* NSApplication - Get App Version.swift */; };
		635B4ECF295F5472003D31B6 /* AboutView.swift in Sources */ = {isa = PBXBuildFile; fileRef = 635B4ECE295F5472003D31B6 /* AboutView.swift */; };
		635B4ED2295F5572003D31B6 /* Used Package.swift in Sources */ = {isa = PBXBuildFile; fileRef = 635B4ED1295F5572003D31B6 /* Used Package.swift */; };
		635CF86C293127C300184766 /* MCStartApp.swift in Sources */ = {isa = PBXBuildFile; fileRef = 635CF86B293127C300184766 /* MCStartApp.swift */; };
		635CF86E293127C300184766 /* ContentView.swift in Sources */ = {isa = PBXBuildFile; fileRef = 635CF86D293127C300184766 /* ContentView.swift */; };
		635CF870293127C400184766 /* Assets.xcassets in Resources */ = {isa = PBXBuildFile; fileRef = 635CF86F293127C400184766 /* Assets.xcassets */; };
		635CF873293127C400184766 /* Preview Assets.xcassets in Resources */ = {isa = PBXBuildFile; fileRef = 635CF872293127C400184766 /* Preview Assets.xcassets */; };
		635CF87C2931281300184766 /* SidebarView.swift in Sources */ = {isa = PBXBuildFile; fileRef = 635CF87B2931281300184766 /* SidebarView.swift */; };
		635CF87F2931288900184766 /* InstanceListView.swift in Sources */ = {isa = PBXBuildFile; fileRef = 635CF87E2931288900184766 /* InstanceListView.swift */; };
		635CF8812931299F00184766 /* InstanceDetailView.swift in Sources */ = {isa = PBXBuildFile; fileRef = 635CF8802931299F00184766 /* InstanceDetailView.swift */; };
		635CF88629312A3200184766 /* Instance.swift in Sources */ = {isa = PBXBuildFile; fileRef = 635CF88529312A3200184766 /* Instance.swift */; };
		635CF88829312AA600184766 /* Instance Category.swift in Sources */ = {isa = PBXBuildFile; fileRef = 635CF88729312AA600184766 /* Instance Category.swift */; };
		635CF88B293132EB00184766 /* SettingsView.swift in Sources */ = {isa = PBXBuildFile; fileRef = 635CF88A293132EB00184766 /* SettingsView.swift */; };
		635CF88D2931338C00184766 /* Instance Settings.swift in Sources */ = {isa = PBXBuildFile; fileRef = 635CF88C2931338C00184766 /* Instance Settings.swift */; };
		635CF8902931396F00184766 /* EditableLabel.swift in Sources */ = {isa = PBXBuildFile; fileRef = 635CF88F2931396F00184766 /* EditableLabel.swift */; };
		635CF893293141F300184766 /* Open Finder.swift in Sources */ = {isa = PBXBuildFile; fileRef = 635CF892293141F300184766 /* Open Finder.swift */; };
		635CF89529314D9500184766 /* Toggle Sidebar.swift in Sources */ = {isa = PBXBuildFile; fileRef = 635CF89429314D9500184766 /* Toggle Sidebar.swift */; };
		635CF89729315B6A00184766 /* Mod.swift in Sources */ = {isa = PBXBuildFile; fileRef = 635CF89629315B6A00184766 /* Mod.swift */; };
		635CF89A293164B700184766 /* InstanceSettingMods.swift in Sources */ = {isa = PBXBuildFile; fileRef = 635CF899293164B700184766 /* InstanceSettingMods.swift */; };
		635CF89C293164CC00184766 /* InstanceSettingJavaOptions.swift in Sources */ = {isa = PBXBuildFile; fileRef = 635CF89B293164CC00184766 /* InstanceSettingJavaOptions.swift */; };
		635CF89E293169CF00184766 /* App State.swift in Sources */ = {isa = PBXBuildFile; fileRef = 635CF89D293169CF00184766 /* App State.swift */; };
		6364D435295F7E3F00CDEFBB /* HTTP Methods.swift in Sources */ = {isa = PBXBuildFile; fileRef = 6364D434295F7E3F00CDEFBB /* HTTP Methods.swift */; };
		6364D438295F7EFE00CDEFBB /* HTTP Header.swift in Sources */ = {isa = PBXBuildFile; fileRef = 6364D437295F7EFE00CDEFBB /* HTTP Header.swift */; };
		6364D43A295F84EC00CDEFBB /* String - To JSON.swift in Sources */ = {isa = PBXBuildFile; fileRef = 6364D439295F84EC00CDEFBB /* String - To JSON.swift */; };
		636F5906294E778F001A82E7 /* OtherSettingsPane.swift in Sources */ = {isa = PBXBuildFile; fileRef = 636F5905294E778F001A82E7 /* OtherSettingsPane.swift */; };
		636F5909294E78CF001A82E7 /* OnboardingView.swift in Sources */ = {isa = PBXBuildFile; fileRef = 636F5908294E78CF001A82E7 /* OnboardingView.swift */; };
		636F590B294E7BD7001A82E7 /* OnboardingPicture.swift in Sources */ = {isa = PBXBuildFile; fileRef = 636F590A294E7BD7001A82E7 /* OnboardingPicture.swift */; };
		63752950295F13040066EAC4 /* Get Path to Mods Folder.swift in Sources */ = {isa = PBXBuildFile; fileRef = 6375294F295F13040066EAC4 /* Get Path to Mods Folder.swift */; };
		63752952295F47960066EAC4 /* Authorization Request.swift in Sources */ = {isa = PBXBuildFile; fileRef = 63752951295F47960066EAC4 /* Authorization Request.swift */; };
		63752954295F4B980066EAC4 /* Microsoft Account.swift in Sources */ = {isa = PBXBuildFile; fileRef = 63752953295F4B980066EAC4 /* Microsoft Account.swift */; };
		637F79DD295A0F2A0048A781 /* Get Contents of Folder.swift in Sources */ = {isa = PBXBuildFile; fileRef = 637F79DC295A0F2A0048A781 /* Get Contents of Folder.swift */; };
		637F79E0295A22CF0048A781 /* Enable Mod.swift in Sources */ = {isa = PBXBuildFile; fileRef = 637F79DF295A22CE0048A781 /* Enable Mod.swift */; };
		637F79E2295A22D60048A781 /* Disable Mod.swift in Sources */ = {isa = PBXBuildFile; fileRef = 637F79E1295A22D60048A781 /* Disable Mod.swift */; };
		637F79E4295A2A680048A781 /* Copy File.swift in Sources */ = {isa = PBXBuildFile; fileRef = 637F79E3295A2A680048A781 /* Copy File.swift */; };
		637F79E6295A2FE60048A781 /* Delete File.swift in Sources */ = {isa = PBXBuildFile; fileRef = 637F79E5295A2FE60048A781 /* Delete File.swift */; };
		639D7563293E9B0C00BD2946 /* Get Category Folder By UUID.swift in Sources */ = {isa = PBXBuildFile; fileRef = 639D7562293E9B0C00BD2946 /* Get Category Folder By UUID.swift */; };
		63A63289293E7A5C007FD5A0 /* Add Category.swift in Sources */ = {isa = PBXBuildFile; fileRef = 63A63288293E7A5C007FD5A0 /* Add Category.swift */; };
		63A6328B293E7D19007FD5A0 /* Create Metadata File.swift in Sources */ = {isa = PBXBuildFile; fileRef = 63A6328A293E7D19007FD5A0 /* Create Metadata File.swift */; };
		63A6328D293E8BA5007FD5A0 /* Add Instance.swift in Sources */ = {isa = PBXBuildFile; fileRef = 63A6328C293E8BA5007FD5A0 /* Add Instance.swift */; };
		63AA3E1E293FF0CF005C7CDF /* Mod Loaders.swift in Sources */ = {isa = PBXBuildFile; fileRef = 63AA3E1D293FF0CF005C7CDF /* Mod Loaders.swift */; };
		63C0798F2984774B00582DFB /* AdjustableLabelButton.swift in Sources */ = {isa = PBXBuildFile; fileRef = 63C0798E2984774B00582DFB /* AdjustableLabelButton.swift */; };
		63C079912984786000582DFB /* Usable Button Styles.swift in Sources */ = {isa = PBXBuildFile; fileRef = 63C079902984786000582DFB /* Usable Button Styles.swift */; };
		63C29B4E293971CF0083151C /* Delete Instance.swift in Sources */ = {isa = PBXBuildFile; fileRef = 63C29B4D293971CF0083151C /* Delete Instance.swift */; };
		63C29B552939758E0083151C /* InstanceListItemView.swift in Sources */ = {isa = PBXBuildFile; fileRef = 63C29B542939758E0083151C /* InstanceListItemView.swift */; };
		63C8ED7E293E5EB600394803 /* Get Path to Metadata File.swift in Sources */ = {isa = PBXBuildFile; fileRef = 63C8ED7D293E5EB600394803 /* Get Path to Metadata File.swift */; };
		63CED976294E34360011905A /* FileSystemPickerView.swift in Sources */ = {isa = PBXBuildFile; fileRef = 63CED975294E34360011905A /* FileSystemPickerView.swift */; };
		63CED978294E3BC90011905A /* Color - Encode and Decode into Data.swift in Sources */ = {isa = PBXBuildFile; fileRef = 63CED977294E3BC80011905A /* Color - Encode and Decode into Data.swift */; };
		63CED97A294E40350011905A /* AccountSettingsPage.swift in Sources */ = {isa = PBXBuildFile; fileRef = 63CED979294E40350011905A /* AccountSettingsPage.swift */; };
		63CED97E294E55D70011905A /* Button - Encode and Decode Button Style to Data.swift in Sources */ = {isa = PBXBuildFile; fileRef = 63CED97D294E55D70011905A /* Button - Encode and Decode Button Style to Data.swift */; };
		63DB5E6B295F8BB900A43F18 /* DSFSearchField in Frameworks */ = {isa = PBXBuildFile; productRef = 63DB5E6A295F8BB900A43F18 /* DSFSearchField */; };
		63DB5E6D295F8BBD00A43F18 /* SymbolPicker in Frameworks */ = {isa = PBXBuildFile; productRef = 63DB5E6C295F8BBD00A43F18 /* SymbolPicker */; };
		63DB5E73295F8C1D00A43F18 /* MSAL in Frameworks */ = {isa = PBXBuildFile; productRef = 63DB5E72295F8C1D00A43F18 /* MSAL */; };
		63E7F6E2293B70E800D0C6FB /* Decode From Disk.swift in Sources */ = {isa = PBXBuildFile; fileRef = 63E7F6E1293B70E800D0C6FB /* Decode From Disk.swift */; };
		63F0B9462932488100317642 /* Select File.swift in Sources */ = {isa = PBXBuildFile; fileRef = 63F0B9452932488100317642 /* Select File.swift */; };
		63F0B94929324D0C00317642 /* NoticeView.swift in Sources */ = {isa = PBXBuildFile; fileRef = 63F0B94829324D0C00317642 /* NoticeView.swift */; };
		63F0B94C29325AAC00317642 /* OpenModsFolderButton.swift in Sources */ = {isa = PBXBuildFile; fileRef = 63F0B94B29325AAC00317642 /* OpenModsFolderButton.swift */; };
		63F0B94E2932622400317642 /* View - Conditional Modifiers.swift in Sources */ = {isa = PBXBuildFile; fileRef = 63F0B94D2932622400317642 /* View - Conditional Modifiers.swift */; };
		63F0B9502932870F00317642 /* App Globals.swift in Sources */ = {isa = PBXBuildFile; fileRef = 63F0B94F2932870F00317642 /* App Globals.swift */; };
		63F0B95229328A7C00317642 /* Check if Exists At Path.swift in Sources */ = {isa = PBXBuildFile; fileRef = 63F0B95129328A7C00317642 /* Check if Exists At Path.swift */; };
		63F0B95529328AA600317642 /* Initialize Folders.swift in Sources */ = {isa = PBXBuildFile; fileRef = 63F0B95429328AA600317642 /* Initialize Folders.swift */; };
		63F0B9572932A90500317642 /* InstanceSettingMinecraftOptions.swift in Sources */ = {isa = PBXBuildFile; fileRef = 63F0B9562932A90500317642 /* InstanceSettingMinecraftOptions.swift */; };
		63F0B95B2932B29F00317642 /* Networking Manager.swift in Sources */ = {isa = PBXBuildFile; fileRef = 63F0B95A2932B29F00317642 /* Networking Manager.swift */; };
		63F0B95E2932B52700317642 /* Get Login Prerequisites.swift in Sources */ = {isa = PBXBuildFile; fileRef = 63F0B95D2932B52700317642 /* Get Login Prerequisites.swift */; };
		63F0B9612932B67C00317642 /* Extract Text Using REGEX.swift in Sources */ = {isa = PBXBuildFile; fileRef = 63F0B9602932B67C00317642 /* Extract Text Using REGEX.swift */; };
		63F0B9632932BDFE00317642 /* DividerMaintainingGridWidth.swift in Sources */ = {isa = PBXBuildFile; fileRef = 63F0B9622932BDFE00317642 /* DividerMaintainingGridWidth.swift */; };
		63F0B9682932CE3000317642 /* NicerTextEditor.swift in Sources */ = {isa = PBXBuildFile; fileRef = 63F0B9672932CE3000317642 /* NicerTextEditor.swift */; };
		63F0B96A2932D25D00317642 /* Copy to Clipboard.swift in Sources */ = {isa = PBXBuildFile; fileRef = 63F0B9692932D25D00317642 /* Copy to Clipboard.swift */; };
		63F0B96C2932D31E00317642 /* ImportArgumentSheet.swift in Sources */ = {isa = PBXBuildFile; fileRef = 63F0B96B2932D31E00317642 /* ImportArgumentSheet.swift */; };
		63F0B96E2932D32A00317642 /* ExportArgumentSheet.swift in Sources */ = {isa = PBXBuildFile; fileRef = 63F0B96D2932D32A00317642 /* ExportArgumentSheet.swift */; };
		63F0B9722932D3A700317642 /* CloseSheetButton.swift in Sources */ = {isa = PBXBuildFile; fileRef = 63F0B9712932D3A700317642 /* CloseSheetButton.swift */; };
		63F4C0D12935042E00BC0328 /* UISettingsPane.swift in Sources */ = {isa = PBXBuildFile; fileRef = 63F4C0D02935042E00BC0328 /* UISettingsPane.swift */; };
		63F4C0D32935047D00BC0328 /* SettingsPaneTemplate.swift in Sources */ = {isa = PBXBuildFile; fileRef = 63F4C0D22935047D00BC0328 /* SettingsPaneTemplate.swift */; };
		63F4C0D62935073B00BC0328 /* Initialize User Defaults.swift in Sources */ = {isa = PBXBuildFile; fileRef = 63F4C0D52935073B00BC0328 /* Initialize User Defaults.swift */; };
		63F4C0DF29351B1C00BC0328 /* AddCategorySheet.swift in Sources */ = {isa = PBXBuildFile; fileRef = 63F4C0DE29351B1C00BC0328 /* AddCategorySheet.swift */; };
		63F4C0E42935353200BC0328 /* SheetWithHeadline.swift in Sources */ = {isa = PBXBuildFile; fileRef = 63F4C0E32935353200BC0328 /* SheetWithHeadline.swift */; };
		63F4C0E72935388800BC0328 /* AddInstanceSheet.swift in Sources */ = {isa = PBXBuildFile; fileRef = 63F4C0E62935388800BC0328 /* AddInstanceSheet.swift */; };
		63F4C0E929353D4700BC0328 /* IconPicker.swift in Sources */ = {isa = PBXBuildFile; fileRef = 63F4C0E829353D4700BC0328 /* IconPicker.swift */; };
		63F4C0EC29357F6700BC0328 /* Alert Types.swift in Sources */ = {isa = PBXBuildFile; fileRef = 63F4C0EB29357F6700BC0328 /* Alert Types.swift */; };
/* End PBXBuildFile section */

/* Begin PBXFileReference section */
		63267A6F293AA8AB00E66588 /* Get Current Time and Date.swift */ = {isa = PBXFileReference; lastKnownFileType = sourcecode.swift; path = "Get Current Time and Date.swift"; sourceTree = "<group>"; };
		63267A72293AB10800E66588 /* Encode Data for Saving to Disk.swift */ = {isa = PBXFileReference; lastKnownFileType = sourcecode.swift; path = "Encode Data for Saving to Disk.swift"; sourceTree = "<group>"; };
		6348586829607C3B005B7358 /* Networking Error.swift */ = {isa = PBXFileReference; lastKnownFileType = sourcecode.swift; path = "Networking Error.swift"; sourceTree = "<group>"; };
		6348586A29607DBA005B7358 /* Info.plist */ = {isa = PBXFileReference; lastKnownFileType = text.plist; path = Info.plist; sourceTree = "<group>"; };
		6348586B2960EFEE005B7358 /* Acknowledged Contributor.swift */ = {isa = PBXFileReference; lastKnownFileType = sourcecode.swift; path = "Acknowledged Contributor.swift"; sourceTree = "<group>"; };
		6348586E2960F1E4005B7358 /* ButtonThatOpensWebsites.swift */ = {isa = PBXFileReference; lastKnownFileType = sourcecode.swift; path = ButtonThatOpensWebsites.swift; sourceTree = "<group>"; };
		635B4EC8295F5367003D31B6 /* AppDelegate.swift */ = {isa = PBXFileReference; lastKnownFileType = sourcecode.swift; path = AppDelegate.swift; sourceTree = "<group>"; };
		635B4ECA295F540E003D31B6 /* NSApplication - Get App Name.swift */ = {isa = PBXFileReference; lastKnownFileType = sourcecode.swift; path = "NSApplication - Get App Name.swift"; sourceTree = "<group>"; };
		635B4ECC295F542C003D31B6 /* NSApplication - Get App Version.swift */ = {isa = PBXFileReference; lastKnownFileType = sourcecode.swift; path = "NSApplication - Get App Version.swift"; sourceTree = "<group>"; };
		635B4ECE295F5472003D31B6 /* AboutView.swift */ = {isa = PBXFileReference; lastKnownFileType = sourcecode.swift; path = AboutView.swift; sourceTree = "<group>"; };
		635B4ED1295F5572003D31B6 /* Used Package.swift */ = {isa = PBXFileReference; lastKnownFileType = sourcecode.swift; path = "Used Package.swift"; sourceTree = "<group>"; };
		635CF868293127C300184766 /* MCStart.app */ = {isa = PBXFileReference; explicitFileType = wrapper.application; includeInIndex = 0; path = MCStart.app; sourceTree = BUILT_PRODUCTS_DIR; };
		635CF86B293127C300184766 /* MCStartApp.swift */ = {isa = PBXFileReference; lastKnownFileType = sourcecode.swift; path = MCStartApp.swift; sourceTree = "<group>"; };
		635CF86D293127C300184766 /* ContentView.swift */ = {isa = PBXFileReference; lastKnownFileType = sourcecode.swift; path = ContentView.swift; sourceTree = "<group>"; };
		635CF86F293127C400184766 /* Assets.xcassets */ = {isa = PBXFileReference; lastKnownFileType = folder.assetcatalog; path = Assets.xcassets; sourceTree = "<group>"; };
		635CF872293127C400184766 /* Preview Assets.xcassets */ = {isa = PBXFileReference; lastKnownFileType = folder.assetcatalog; path = "Preview Assets.xcassets"; sourceTree = "<group>"; };
		635CF874293127C400184766 /* MCStart.entitlements */ = {isa = PBXFileReference; lastKnownFileType = text.plist.entitlements; path = MCStart.entitlements; sourceTree = "<group>"; };
		635CF87B2931281300184766 /* SidebarView.swift */ = {isa = PBXFileReference; lastKnownFileType = sourcecode.swift; path = SidebarView.swift; sourceTree = "<group>"; };
		635CF87E2931288900184766 /* InstanceListView.swift */ = {isa = PBXFileReference; lastKnownFileType = sourcecode.swift; path = InstanceListView.swift; sourceTree = "<group>"; };
		635CF8802931299F00184766 /* InstanceDetailView.swift */ = {isa = PBXFileReference; lastKnownFileType = sourcecode.swift; path = InstanceDetailView.swift; sourceTree = "<group>"; };
		635CF88529312A3200184766 /* Instance.swift */ = {isa = PBXFileReference; lastKnownFileType = sourcecode.swift; path = Instance.swift; sourceTree = "<group>"; };
		635CF88729312AA600184766 /* Instance Category.swift */ = {isa = PBXFileReference; lastKnownFileType = sourcecode.swift; path = "Instance Category.swift"; sourceTree = "<group>"; };
		635CF88A293132EB00184766 /* SettingsView.swift */ = {isa = PBXFileReference; lastKnownFileType = sourcecode.swift; path = SettingsView.swift; sourceTree = "<group>"; };
		635CF88C2931338C00184766 /* Instance Settings.swift */ = {isa = PBXFileReference; lastKnownFileType = sourcecode.swift; path = "Instance Settings.swift"; sourceTree = "<group>"; };
		635CF88F2931396F00184766 /* EditableLabel.swift */ = {isa = PBXFileReference; lastKnownFileType = sourcecode.swift; path = EditableLabel.swift; sourceTree = "<group>"; };
		635CF892293141F300184766 /* Open Finder.swift */ = {isa = PBXFileReference; lastKnownFileType = sourcecode.swift; path = "Open Finder.swift"; sourceTree = "<group>"; };
		635CF89429314D9500184766 /* Toggle Sidebar.swift */ = {isa = PBXFileReference; lastKnownFileType = sourcecode.swift; path = "Toggle Sidebar.swift"; sourceTree = "<group>"; };
		635CF89629315B6A00184766 /* Mod.swift */ = {isa = PBXFileReference; lastKnownFileType = sourcecode.swift; path = Mod.swift; sourceTree = "<group>"; };
		635CF899293164B700184766 /* InstanceSettingMods.swift */ = {isa = PBXFileReference; lastKnownFileType = sourcecode.swift; path = InstanceSettingMods.swift; sourceTree = "<group>"; };
		635CF89B293164CC00184766 /* InstanceSettingJavaOptions.swift */ = {isa = PBXFileReference; lastKnownFileType = sourcecode.swift; path = InstanceSettingJavaOptions.swift; sourceTree = "<group>"; };
		635CF89D293169CF00184766 /* App State.swift */ = {isa = PBXFileReference; lastKnownFileType = sourcecode.swift; path = "App State.swift"; sourceTree = "<group>"; };
		6364D434295F7E3F00CDEFBB /* HTTP Methods.swift */ = {isa = PBXFileReference; lastKnownFileType = sourcecode.swift; path = "HTTP Methods.swift"; sourceTree = "<group>"; };
		6364D437295F7EFE00CDEFBB /* HTTP Header.swift */ = {isa = PBXFileReference; lastKnownFileType = sourcecode.swift; path = "HTTP Header.swift"; sourceTree = "<group>"; };
		6364D439295F84EC00CDEFBB /* String - To JSON.swift */ = {isa = PBXFileReference; lastKnownFileType = sourcecode.swift; path = "String - To JSON.swift"; sourceTree = "<group>"; };
		636F5905294E778F001A82E7 /* OtherSettingsPane.swift */ = {isa = PBXFileReference; lastKnownFileType = sourcecode.swift; path = OtherSettingsPane.swift; sourceTree = "<group>"; };
		636F5908294E78CF001A82E7 /* OnboardingView.swift */ = {isa = PBXFileReference; lastKnownFileType = sourcecode.swift; path = OnboardingView.swift; sourceTree = "<group>"; };
		636F590A294E7BD7001A82E7 /* OnboardingPicture.swift */ = {isa = PBXFileReference; lastKnownFileType = sourcecode.swift; path = OnboardingPicture.swift; sourceTree = "<group>"; };
		6375294F295F13040066EAC4 /* Get Path to Mods Folder.swift */ = {isa = PBXFileReference; lastKnownFileType = sourcecode.swift; path = "Get Path to Mods Folder.swift"; sourceTree = "<group>"; };
		63752951295F47960066EAC4 /* Authorization Request.swift */ = {isa = PBXFileReference; lastKnownFileType = sourcecode.swift; path = "Authorization Request.swift"; sourceTree = "<group>"; };
		63752953295F4B980066EAC4 /* Microsoft Account.swift */ = {isa = PBXFileReference; lastKnownFileType = sourcecode.swift; path = "Microsoft Account.swift"; sourceTree = "<group>"; };
		637F79DC295A0F2A0048A781 /* Get Contents of Folder.swift */ = {isa = PBXFileReference; lastKnownFileType = sourcecode.swift; path = "Get Contents of Folder.swift"; sourceTree = "<group>"; };
		637F79DF295A22CE0048A781 /* Enable Mod.swift */ = {isa = PBXFileReference; lastKnownFileType = sourcecode.swift; path = "Enable Mod.swift"; sourceTree = "<group>"; };
		637F79E1295A22D60048A781 /* Disable Mod.swift */ = {isa = PBXFileReference; lastKnownFileType = sourcecode.swift; path = "Disable Mod.swift"; sourceTree = "<group>"; };
		637F79E3295A2A680048A781 /* Copy File.swift */ = {isa = PBXFileReference; lastKnownFileType = sourcecode.swift; path = "Copy File.swift"; sourceTree = "<group>"; };
		637F79E5295A2FE60048A781 /* Delete File.swift */ = {isa = PBXFileReference; lastKnownFileType = sourcecode.swift; path = "Delete File.swift"; sourceTree = "<group>"; };
		639D7562293E9B0C00BD2946 /* Get Category Folder By UUID.swift */ = {isa = PBXFileReference; lastKnownFileType = sourcecode.swift; path = "Get Category Folder By UUID.swift"; sourceTree = "<group>"; };
		63A63288293E7A5C007FD5A0 /* Add Category.swift */ = {isa = PBXFileReference; lastKnownFileType = sourcecode.swift; path = "Add Category.swift"; sourceTree = "<group>"; };
		63A6328A293E7D19007FD5A0 /* Create Metadata File.swift */ = {isa = PBXFileReference; lastKnownFileType = sourcecode.swift; path = "Create Metadata File.swift"; sourceTree = "<group>"; };
		63A6328C293E8BA5007FD5A0 /* Add Instance.swift */ = {isa = PBXFileReference; lastKnownFileType = sourcecode.swift; path = "Add Instance.swift"; sourceTree = "<group>"; };
		63AA3E1D293FF0CF005C7CDF /* Mod Loaders.swift */ = {isa = PBXFileReference; lastKnownFileType = sourcecode.swift; path = "Mod Loaders.swift"; sourceTree = "<group>"; };
		63C0798E2984774B00582DFB /* AdjustableLabelButton.swift */ = {isa = PBXFileReference; lastKnownFileType = sourcecode.swift; path = AdjustableLabelButton.swift; sourceTree = "<group>"; };
		63C079902984786000582DFB /* Usable Button Styles.swift */ = {isa = PBXFileReference; lastKnownFileType = sourcecode.swift; path = "Usable Button Styles.swift"; sourceTree = "<group>"; };
		63C29B4D293971CF0083151C /* Delete Instance.swift */ = {isa = PBXFileReference; lastKnownFileType = sourcecode.swift; path = "Delete Instance.swift"; sourceTree = "<group>"; };
		63C29B542939758E0083151C /* InstanceListItemView.swift */ = {isa = PBXFileReference; lastKnownFileType = sourcecode.swift; path = InstanceListItemView.swift; sourceTree = "<group>"; };
		63C8ED7D293E5EB600394803 /* Get Path to Metadata File.swift */ = {isa = PBXFileReference; lastKnownFileType = sourcecode.swift; path = "Get Path to Metadata File.swift"; sourceTree = "<group>"; };
		63CED975294E34360011905A /* FileSystemPickerView.swift */ = {isa = PBXFileReference; lastKnownFileType = sourcecode.swift; path = FileSystemPickerView.swift; sourceTree = "<group>"; };
		63CED977294E3BC80011905A /* Color - Encode and Decode into Data.swift */ = {isa = PBXFileReference; lastKnownFileType = sourcecode.swift; path = "Color - Encode and Decode into Data.swift"; sourceTree = "<group>"; };
		63CED979294E40350011905A /* AccountSettingsPage.swift */ = {isa = PBXFileReference; lastKnownFileType = sourcecode.swift; path = AccountSettingsPage.swift; sourceTree = "<group>"; };
		63CED97D294E55D70011905A /* Button - Encode and Decode Button Style to Data.swift */ = {isa = PBXFileReference; lastKnownFileType = sourcecode.swift; path = "Button - Encode and Decode Button Style to Data.swift"; sourceTree = "<group>"; };
		63E7F6E1293B70E800D0C6FB /* Decode From Disk.swift */ = {isa = PBXFileReference; lastKnownFileType = sourcecode.swift; path = "Decode From Disk.swift"; sourceTree = "<group>"; };
		63F0B9452932488100317642 /* Select File.swift */ = {isa = PBXFileReference; lastKnownFileType = sourcecode.swift; path = "Select File.swift"; sourceTree = "<group>"; };
		63F0B94829324D0C00317642 /* NoticeView.swift */ = {isa = PBXFileReference; lastKnownFileType = sourcecode.swift; name = NoticeView.swift; path = MCStart/Views/NoticeView.swift; sourceTree = SOURCE_ROOT; };
		63F0B94B29325AAC00317642 /* OpenModsFolderButton.swift */ = {isa = PBXFileReference; lastKnownFileType = sourcecode.swift; path = OpenModsFolderButton.swift; sourceTree = "<group>"; };
		63F0B94D2932622400317642 /* View - Conditional Modifiers.swift */ = {isa = PBXFileReference; lastKnownFileType = sourcecode.swift; path = "View - Conditional Modifiers.swift"; sourceTree = "<group>"; };
		63F0B94F2932870F00317642 /* App Globals.swift */ = {isa = PBXFileReference; lastKnownFileType = sourcecode.swift; path = "App Globals.swift"; sourceTree = "<group>"; };
		63F0B95129328A7C00317642 /* Check if Exists At Path.swift */ = {isa = PBXFileReference; lastKnownFileType = sourcecode.swift; path = "Check if Exists At Path.swift"; sourceTree = "<group>"; };
		63F0B95429328AA600317642 /* Initialize Folders.swift */ = {isa = PBXFileReference; lastKnownFileType = sourcecode.swift; path = "Initialize Folders.swift"; sourceTree = "<group>"; };
		63F0B9562932A90500317642 /* InstanceSettingMinecraftOptions.swift */ = {isa = PBXFileReference; lastKnownFileType = sourcecode.swift; path = InstanceSettingMinecraftOptions.swift; sourceTree = "<group>"; };
		63F0B9582932AA6900317642 /* README.md */ = {isa = PBXFileReference; lastKnownFileType = net.daringfireball.markdown; path = README.md; sourceTree = "<group>"; };
		63F0B95A2932B29F00317642 /* Networking Manager.swift */ = {isa = PBXFileReference; lastKnownFileType = sourcecode.swift; path = "Networking Manager.swift"; sourceTree = "<group>"; };
		63F0B95D2932B52700317642 /* Get Login Prerequisites.swift */ = {isa = PBXFileReference; lastKnownFileType = sourcecode.swift; path = "Get Login Prerequisites.swift"; sourceTree = "<group>"; };
		63F0B9602932B67C00317642 /* Extract Text Using REGEX.swift */ = {isa = PBXFileReference; lastKnownFileType = sourcecode.swift; path = "Extract Text Using REGEX.swift"; sourceTree = "<group>"; };
		63F0B9622932BDFE00317642 /* DividerMaintainingGridWidth.swift */ = {isa = PBXFileReference; lastKnownFileType = sourcecode.swift; path = DividerMaintainingGridWidth.swift; sourceTree = "<group>"; };
		63F0B9672932CE3000317642 /* NicerTextEditor.swift */ = {isa = PBXFileReference; lastKnownFileType = sourcecode.swift; path = NicerTextEditor.swift; sourceTree = "<group>"; };
		63F0B9692932D25D00317642 /* Copy to Clipboard.swift */ = {isa = PBXFileReference; lastKnownFileType = sourcecode.swift; path = "Copy to Clipboard.swift"; sourceTree = "<group>"; };
		63F0B96B2932D31E00317642 /* ImportArgumentSheet.swift */ = {isa = PBXFileReference; lastKnownFileType = sourcecode.swift; path = ImportArgumentSheet.swift; sourceTree = "<group>"; };
		63F0B96D2932D32A00317642 /* ExportArgumentSheet.swift */ = {isa = PBXFileReference; lastKnownFileType = sourcecode.swift; path = ExportArgumentSheet.swift; sourceTree = "<group>"; };
		63F0B9712932D3A700317642 /* CloseSheetButton.swift */ = {isa = PBXFileReference; lastKnownFileType = sourcecode.swift; path = CloseSheetButton.swift; sourceTree = "<group>"; };
		63F4C0D02935042E00BC0328 /* UISettingsPane.swift */ = {isa = PBXFileReference; lastKnownFileType = sourcecode.swift; path = UISettingsPane.swift; sourceTree = "<group>"; };
		63F4C0D22935047D00BC0328 /* SettingsPaneTemplate.swift */ = {isa = PBXFileReference; lastKnownFileType = sourcecode.swift; path = SettingsPaneTemplate.swift; sourceTree = "<group>"; };
		63F4C0D52935073B00BC0328 /* Initialize User Defaults.swift */ = {isa = PBXFileReference; lastKnownFileType = sourcecode.swift; path = "Initialize User Defaults.swift"; sourceTree = "<group>"; };
		63F4C0DE29351B1C00BC0328 /* AddCategorySheet.swift */ = {isa = PBXFileReference; lastKnownFileType = sourcecode.swift; path = AddCategorySheet.swift; sourceTree = "<group>"; };
		63F4C0E32935353200BC0328 /* SheetWithHeadline.swift */ = {isa = PBXFileReference; lastKnownFileType = sourcecode.swift; path = SheetWithHeadline.swift; sourceTree = "<group>"; };
		63F4C0E62935388800BC0328 /* AddInstanceSheet.swift */ = {isa = PBXFileReference; lastKnownFileType = sourcecode.swift; path = AddInstanceSheet.swift; sourceTree = "<group>"; };
		63F4C0E829353D4700BC0328 /* IconPicker.swift */ = {isa = PBXFileReference; lastKnownFileType = sourcecode.swift; path = IconPicker.swift; sourceTree = "<group>"; };
		63F4C0EB29357F6700BC0328 /* Alert Types.swift */ = {isa = PBXFileReference; lastKnownFileType = sourcecode.swift; path = "Alert Types.swift"; sourceTree = "<group>"; };
/* End PBXFileReference section */

/* Begin PBXFrameworksBuildPhase section */
		635CF865293127C300184766 /* Frameworks */ = {
			isa = PBXFrameworksBuildPhase;
			buildActionMask = 2147483647;
			files = (
				63DB5E6B295F8BB900A43F18 /* DSFSearchField in Frameworks */,
				63DB5E73295F8C1D00A43F18 /* MSAL in Frameworks */,
				63DB5E6D295F8BBD00A43F18 /* SymbolPicker in Frameworks */,
			);
			runOnlyForDeploymentPostprocessing = 0;
		};
/* End PBXFrameworksBuildPhase section */

/* Begin PBXGroup section */
		63267A71293AB0F200E66588 /* File Handling */ = {
			isa = PBXGroup;
			children = (
				637F79DE295A22C60048A781 /* Mods */,
				63267A72293AB10800E66588 /* Encode Data for Saving to Disk.swift */,
				63E7F6E1293B70E800D0C6FB /* Decode From Disk.swift */,
				637F79DC295A0F2A0048A781 /* Get Contents of Folder.swift */,
			);
			path = "File Handling";
			sourceTree = "<group>";
		};
		635B4ED0295F5568003D31B6 /* Misc */ = {
			isa = PBXGroup;
			children = (
				635B4ED1295F5572003D31B6 /* Used Package.swift */,
				6348586B2960EFEE005B7358 /* Acknowledged Contributor.swift */,
			);
			path = Misc;
			sourceTree = "<group>";
		};
		635CF85F293127C300184766 = {
			isa = PBXGroup;
			children = (
				63F0B9582932AA6900317642 /* README.md */,
				635CF86A293127C300184766 /* MCStart */,
				635CF869293127C300184766 /* Products */,
			);
			sourceTree = "<group>";
		};
		635CF869293127C300184766 /* Products */ = {
			isa = PBXGroup;
			children = (
				635CF868293127C300184766 /* MCStart.app */,
			);
			name = Products;
			sourceTree = "<group>";
		};
		635CF86A293127C300184766 /* MCStart */ = {
			isa = PBXGroup;
			children = (
				6348586A29607DBA005B7358 /* Info.plist */,
				63F4C0EA29357F4300BC0328 /* Enums */,
				635CF88429312A2800184766 /* Extensions */,
				635CF88329312A2400184766 /* Structs */,
				635CF88229312A1E00184766 /* Logic */,
				635CF87A2931280700184766 /* Views */,
				635CF86B293127C300184766 /* MCStartApp.swift */,
				635CF86D293127C300184766 /* ContentView.swift */,
				635CF86F293127C400184766 /* Assets.xcassets */,
				635CF874293127C400184766 /* MCStart.entitlements */,
				635CF871293127C400184766 /* Preview Content */,
				635CF89D293169CF00184766 /* App State.swift */,
				63F0B94F2932870F00317642 /* App Globals.swift */,
				635B4EC8295F5367003D31B6 /* AppDelegate.swift */,
			);
			path = MCStart;
			sourceTree = "<group>";
		};
		635CF871293127C400184766 /* Preview Content */ = {
			isa = PBXGroup;
			children = (
				635CF872293127C400184766 /* Preview Assets.xcassets */,
			);
			path = "Preview Content";
			sourceTree = "<group>";
		};
		635CF87A2931280700184766 /* Views */ = {
			isa = PBXGroup;
			children = (
				636F5907294E78BE001A82E7 /* Onboarding */,
				63F0B94729324CFB00317642 /* Reusables */,
				635CF88E2931396100184766 /* Misc */,
				635CF889293132E200184766 /* Settings */,
				635CF87D2931288000184766 /* Category or Instance */,
				635CF87B2931281300184766 /* SidebarView.swift */,
			);
			path = Views;
			sourceTree = "<group>";
		};
		635CF87D2931288000184766 /* Category or Instance */ = {
			isa = PBXGroup;
			children = (
				63C29B4F293975410083151C /* Instance Views */,
				63F4C0E52935387B00BC0328 /* Add Instances */,
				63F4C0DC29351B0500BC0328 /* Add Categories */,
				635CF8982931649B00184766 /* Instance Settings */,
			);
			path = "Category or Instance";
			sourceTree = "<group>";
		};
		635CF88229312A1E00184766 /* Logic */ = {
			isa = PBXGroup;
			children = (
				63F4C0D72935175800BC0328 /* Categories & Instances */,
				63F4C0D42935072D00BC0328 /* User Defaults */,
				63F0B95F2932B66D00317642 /* Misc */,
				63F0B9592932B23C00317642 /* Networking */,
				635CF891293141E800184766 /* Files */,
			);
			path = Logic;
			sourceTree = "<group>";
		};
		635CF88329312A2400184766 /* Structs */ = {
			isa = PBXGroup;
			children = (
				6364D436295F7EF000CDEFBB /* Networking */,
				635B4ED0295F5568003D31B6 /* Misc */,
				635CF88529312A3200184766 /* Instance.swift */,
				635CF88729312AA600184766 /* Instance Category.swift */,
				635CF88C2931338C00184766 /* Instance Settings.swift */,
				635CF89629315B6A00184766 /* Mod.swift */,
				63752953295F4B980066EAC4 /* Microsoft Account.swift */,
			);
			path = Structs;
			sourceTree = "<group>";
		};
		635CF88429312A2800184766 /* Extensions */ = {
			isa = PBXGroup;
			children = (
				63F0B94D2932622400317642 /* View - Conditional Modifiers.swift */,
				63CED977294E3BC80011905A /* Color - Encode and Decode into Data.swift */,
				63CED97D294E55D70011905A /* Button - Encode and Decode Button Style to Data.swift */,
				635B4ECA295F540E003D31B6 /* NSApplication - Get App Name.swift */,
				635B4ECC295F542C003D31B6 /* NSApplication - Get App Version.swift */,
				6364D439295F84EC00CDEFBB /* String - To JSON.swift */,
			);
			path = Extensions;
			sourceTree = "<group>";
		};
		635CF889293132E200184766 /* Settings */ = {
			isa = PBXGroup;
			children = (
				63F4C0CF2935042200BC0328 /* Panes */,
				63F4C0D22935047D00BC0328 /* SettingsPaneTemplate.swift */,
				635CF88A293132EB00184766 /* SettingsView.swift */,
			);
			path = Settings;
			sourceTree = "<group>";
		};
		635CF88E2931396100184766 /* Misc */ = {
			isa = PBXGroup;
			children = (
				635CF88F2931396F00184766 /* EditableLabel.swift */,
				635B4ECE295F5472003D31B6 /* AboutView.swift */,
				6348586E2960F1E4005B7358 /* ButtonThatOpensWebsites.swift */,
			);
			path = Misc;
			sourceTree = "<group>";
		};
		635CF891293141E800184766 /* Files */ = {
			isa = PBXGroup;
			children = (
				63F0B95329328A9700317642 /* Helpers */,
				63F0B95429328AA600317642 /* Initialize Folders.swift */,
				63A6328A293E7D19007FD5A0 /* Create Metadata File.swift */,
				6375294F295F13040066EAC4 /* Get Path to Mods Folder.swift */,
			);
			path = Files;
			sourceTree = "<group>";
		};
		635CF8982931649B00184766 /* Instance Settings */ = {
			isa = PBXGroup;
			children = (
				63A0750F295DB62E00BA80C8 /* Instance Settings Panes */,
				63F0B9642932C90200317642 /* Child Views */,
				63F0B94A2932590900317642 /* Buttons */,
			);
			path = "Instance Settings";
			sourceTree = "<group>";
		};
		6364D436295F7EF000CDEFBB /* Networking */ = {
			isa = PBXGroup;
			children = (
				6364D437295F7EFE00CDEFBB /* HTTP Header.swift */,
			);
			path = Networking;
			sourceTree = "<group>";
		};
		636F5907294E78BE001A82E7 /* Onboarding */ = {
			isa = PBXGroup;
			children = (
				636F5908294E78CF001A82E7 /* OnboardingView.swift */,
				636F590A294E7BD7001A82E7 /* OnboardingPicture.swift */,
			);
			path = Onboarding;
			sourceTree = "<group>";
		};
		637F79DE295A22C60048A781 /* Mods */ = {
			isa = PBXGroup;
			children = (
				637F79DF295A22CE0048A781 /* Enable Mod.swift */,
				637F79E1295A22D60048A781 /* Disable Mod.swift */,
			);
			path = Mods;
			sourceTree = "<group>";
		};
		639D7561293E9AFC00BD2946 /* Misc */ = {
			isa = PBXGroup;
			children = (
				639D7562293E9B0C00BD2946 /* Get Category Folder By UUID.swift */,
			);
			path = Misc;
			sourceTree = "<group>";
		};
		63A0750F295DB62E00BA80C8 /* Instance Settings Panes */ = {
			isa = PBXGroup;
			children = (
				63A07512295DB64F00BA80C8 /* Minecraft Settings */,
				63A07511295DB63E00BA80C8 /* Java Options Settings */,
				63A07510295DB63700BA80C8 /* Mods Settings */,
			);
			path = "Instance Settings Panes";
			sourceTree = "<group>";
		};
		63A07510295DB63700BA80C8 /* Mods Settings */ = {
			isa = PBXGroup;
			children = (
				63A07515295DB67800BA80C8 /* Child Views */,
				635CF899293164B700184766 /* InstanceSettingMods.swift */,
			);
			path = "Mods Settings";
			sourceTree = "<group>";
		};
		63A07511295DB63E00BA80C8 /* Java Options Settings */ = {
			isa = PBXGroup;
			children = (
				63A07513295DB66A00BA80C8 /* Child Views */,
				635CF89B293164CC00184766 /* InstanceSettingJavaOptions.swift */,
			);
			path = "Java Options Settings";
			sourceTree = "<group>";
		};
		63A07512295DB64F00BA80C8 /* Minecraft Settings */ = {
			isa = PBXGroup;
			children = (
				63A07514295DB67300BA80C8 /* Child Views */,
				63F0B9562932A90500317642 /* InstanceSettingMinecraftOptions.swift */,
			);
			path = "Minecraft Settings";
			sourceTree = "<group>";
		};
		63A07513295DB66A00BA80C8 /* Child Views */ = {
			isa = PBXGroup;
			children = (
			);
			path = "Child Views";
			sourceTree = "<group>";
		};
		63A07514295DB67300BA80C8 /* Child Views */ = {
			isa = PBXGroup;
			children = (
			);
			path = "Child Views";
			sourceTree = "<group>";
		};
		63A07515295DB67800BA80C8 /* Child Views */ = {
			isa = PBXGroup;
			children = (
			);
			path = "Child Views";
			sourceTree = "<group>";
		};
		63C0798B2984750100582DFB /* Buttons */ = {
			isa = PBXGroup;
			children = (
				63F0B9712932D3A700317642 /* CloseSheetButton.swift */,
				63C0798E2984774B00582DFB /* AdjustableLabelButton.swift */,
			);
			path = Buttons;
			sourceTree = "<group>";
		};
		63C29B4C293971BE0083151C /* Adding + Removing */ = {
			isa = PBXGroup;
			children = (
				63C29B4D293971CF0083151C /* Delete Instance.swift */,
				63A63288293E7A5C007FD5A0 /* Add Category.swift */,
				63A6328C293E8BA5007FD5A0 /* Add Instance.swift */,
			);
			path = "Adding + Removing";
			sourceTree = "<group>";
		};
		63C29B4F293975410083151C /* Instance Views */ = {
			isa = PBXGroup;
			children = (
				63C29B52293975730083151C /* Instance Detail */,
				63C29B512939756C0083151C /* Instance List */,
			);
			path = "Instance Views";
			sourceTree = "<group>";
		};
		63C29B512939756C0083151C /* Instance List */ = {
			isa = PBXGroup;
			children = (
				63C29B532939757C0083151C /* Subviews */,
				635CF87E2931288900184766 /* InstanceListView.swift */,
			);
			path = "Instance List";
			sourceTree = "<group>";
		};
		63C29B52293975730083151C /* Instance Detail */ = {
			isa = PBXGroup;
			children = (
				635CF8802931299F00184766 /* InstanceDetailView.swift */,
			);
			path = "Instance Detail";
			sourceTree = "<group>";
		};
		63C29B532939757C0083151C /* Subviews */ = {
			isa = PBXGroup;
			children = (
				63C29B542939758E0083151C /* InstanceListItemView.swift */,
			);
			path = Subviews;
			sourceTree = "<group>";
		};
		63F0B94729324CFB00317642 /* Reusables */ = {
			isa = PBXGroup;
			children = (
				63C0798B2984750100582DFB /* Buttons */,
				63F0B94829324D0C00317642 /* NoticeView.swift */,
				63F0B9622932BDFE00317642 /* DividerMaintainingGridWidth.swift */,
				63F0B9672932CE3000317642 /* NicerTextEditor.swift */,
				63F4C0E32935353200BC0328 /* SheetWithHeadline.swift */,
				63F4C0E829353D4700BC0328 /* IconPicker.swift */,
				63CED975294E34360011905A /* FileSystemPickerView.swift */,
			);
			name = Reusables;
			path = "New Group";
			sourceTree = "<group>";
		};
		63F0B94A2932590900317642 /* Buttons */ = {
			isa = PBXGroup;
			children = (
				63F0B94B29325AAC00317642 /* OpenModsFolderButton.swift */,
			);
			path = Buttons;
			sourceTree = "<group>";
		};
		63F0B95329328A9700317642 /* Helpers */ = {
			isa = PBXGroup;
			children = (
				635CF892293141F300184766 /* Open Finder.swift */,
				63F0B9452932488100317642 /* Select File.swift */,
				63F0B95129328A7C00317642 /* Check if Exists At Path.swift */,
				63C8ED7D293E5EB600394803 /* Get Path to Metadata File.swift */,
				637F79E3295A2A680048A781 /* Copy File.swift */,
				637F79E5295A2FE60048A781 /* Delete File.swift */,
			);
			path = Helpers;
			sourceTree = "<group>";
		};
		63F0B9592932B23C00317642 /* Networking */ = {
			isa = PBXGroup;
			children = (
				63F0B95C2932B51900317642 /* Microsoft */,
				63F0B95A2932B29F00317642 /* Networking Manager.swift */,
			);
			path = Networking;
			sourceTree = "<group>";
		};
		63F0B95C2932B51900317642 /* Microsoft */ = {
			isa = PBXGroup;
			children = (
				63F0B95D2932B52700317642 /* Get Login Prerequisites.swift */,
				63752951295F47960066EAC4 /* Authorization Request.swift */,
			);
			path = Microsoft;
			sourceTree = "<group>";
		};
		63F0B95F2932B66D00317642 /* Misc */ = {
			isa = PBXGroup;
			children = (
				635CF89429314D9500184766 /* Toggle Sidebar.swift */,
				63F0B9602932B67C00317642 /* Extract Text Using REGEX.swift */,
				63F0B9692932D25D00317642 /* Copy to Clipboard.swift */,
				63267A6F293AA8AB00E66588 /* Get Current Time and Date.swift */,
			);
			path = Misc;
			sourceTree = "<group>";
		};
		63F0B9642932C90200317642 /* Child Views */ = {
			isa = PBXGroup;
			children = (
				63F0B96F2932D39000317642 /* Sheets */,
			);
			path = "Child Views";
			sourceTree = "<group>";
		};
		63F0B96F2932D39000317642 /* Sheets */ = {
			isa = PBXGroup;
			children = (
				63F0B96B2932D31E00317642 /* ImportArgumentSheet.swift */,
				63F0B96D2932D32A00317642 /* ExportArgumentSheet.swift */,
			);
			path = Sheets;
			sourceTree = "<group>";
		};
		63F4C0CF2935042200BC0328 /* Panes */ = {
			isa = PBXGroup;
			children = (
				63F4C0D02935042E00BC0328 /* UISettingsPane.swift */,
				63CED979294E40350011905A /* AccountSettingsPage.swift */,
				636F5905294E778F001A82E7 /* OtherSettingsPane.swift */,
			);
			path = Panes;
			sourceTree = "<group>";
		};
		63F4C0D42935072D00BC0328 /* User Defaults */ = {
			isa = PBXGroup;
			children = (
				63F4C0D52935073B00BC0328 /* Initialize User Defaults.swift */,
			);
			path = "User Defaults";
			sourceTree = "<group>";
		};
		63F4C0D72935175800BC0328 /* Categories & Instances */ = {
			isa = PBXGroup;
			children = (
				639D7561293E9AFC00BD2946 /* Misc */,
				63267A71293AB0F200E66588 /* File Handling */,
				63C29B4C293971BE0083151C /* Adding + Removing */,
			);
			path = "Categories & Instances";
			sourceTree = "<group>";
		};
		63F4C0DC29351B0500BC0328 /* Add Categories */ = {
			isa = PBXGroup;
			children = (
				63F4C0DE29351B1C00BC0328 /* AddCategorySheet.swift */,
			);
			path = "Add Categories";
			sourceTree = "<group>";
		};
		63F4C0E52935387B00BC0328 /* Add Instances */ = {
			isa = PBXGroup;
			children = (
				63F4C0E62935388800BC0328 /* AddInstanceSheet.swift */,
			);
			path = "Add Instances";
			sourceTree = "<group>";
		};
		63F4C0EA29357F4300BC0328 /* Enums */ = {
			isa = PBXGroup;
			children = (
				63F4C0EB29357F6700BC0328 /* Alert Types.swift */,
				63AA3E1D293FF0CF005C7CDF /* Mod Loaders.swift */,
				6364D434295F7E3F00CDEFBB /* HTTP Methods.swift */,
				6348586829607C3B005B7358 /* Networking Error.swift */,
				63C079902984786000582DFB /* Usable Button Styles.swift */,
			);
			path = Enums;
			sourceTree = "<group>";
		};
/* End PBXGroup section */

/* Begin PBXNativeTarget section */
		635CF867293127C300184766 /* MCStart */ = {
			isa = PBXNativeTarget;
			buildConfigurationList = 635CF877293127C400184766 /* Build configuration list for PBXNativeTarget "MCStart" */;
			buildPhases = (
				635CF864293127C300184766 /* Sources */,
				635CF865293127C300184766 /* Frameworks */,
				635CF866293127C300184766 /* Resources */,
			);
			buildRules = (
			);
			dependencies = (
			);
			name = MCStart;
			packageProductDependencies = (
				63DB5E6A295F8BB900A43F18 /* DSFSearchField */,
				63DB5E6C295F8BBD00A43F18 /* SymbolPicker */,
				63DB5E72295F8C1D00A43F18 /* MSAL */,
			);
			productName = MCStart;
			productReference = 635CF868293127C300184766 /* MCStart.app */;
			productType = "com.apple.product-type.application";
		};
/* End PBXNativeTarget section */

/* Begin PBXProject section */
		635CF860293127C300184766 /* Project object */ = {
			isa = PBXProject;
			attributes = {
				BuildIndependentTargetsInParallel = 1;
				LastSwiftUpdateCheck = 1410;
				LastUpgradeCheck = 1420;
				TargetAttributes = {
					635CF867293127C300184766 = {
						CreatedOnToolsVersion = 14.1;
					};
				};
			};
			buildConfigurationList = 635CF863293127C300184766 /* Build configuration list for PBXProject "MCStart" */;
			compatibilityVersion = "Xcode 14.0";
			developmentRegion = en;
			hasScannedForEncodings = 0;
			knownRegions = (
				en,
				Base,
			);
			mainGroup = 635CF85F293127C300184766;
			packageReferences = (
				63887425295F8A6F00107253 /* XCRemoteSwiftPackageReference "DSFSearchField" */,
				63887426295F8A7800107253 /* XCRemoteSwiftPackageReference "SymbolPicker" */,
				63DB5E71295F8C1D00A43F18 /* XCRemoteSwiftPackageReference "microsoft-authentication-library-for-objc" */,
			);
			productRefGroup = 635CF869293127C300184766 /* Products */;
			projectDirPath = "";
			projectRoot = "";
			targets = (
				635CF867293127C300184766 /* MCStart */,
			);
		};
/* End PBXProject section */

/* Begin PBXResourcesBuildPhase section */
		635CF866293127C300184766 /* Resources */ = {
			isa = PBXResourcesBuildPhase;
			buildActionMask = 2147483647;
			files = (
				635CF873293127C400184766 /* Preview Assets.xcassets in Resources */,
				635CF870293127C400184766 /* Assets.xcassets in Resources */,
			);
			runOnlyForDeploymentPostprocessing = 0;
		};
/* End PBXResourcesBuildPhase section */

/* Begin PBXSourcesBuildPhase section */
		635CF864293127C300184766 /* Sources */ = {
			isa = PBXSourcesBuildPhase;
			buildActionMask = 2147483647;
			files = (
				635CF89A293164B700184766 /* InstanceSettingMods.swift in Sources */,
				63C079912984786000582DFB /* Usable Button Styles.swift in Sources */,
				635CF88829312AA600184766 /* Instance Category.swift in Sources */,
				63F4C0D32935047D00BC0328 /* SettingsPaneTemplate.swift in Sources */,
				6364D435295F7E3F00CDEFBB /* HTTP Methods.swift in Sources */,
				639D7563293E9B0C00BD2946 /* Get Category Folder By UUID.swift in Sources */,
				6364D438295F7EFE00CDEFBB /* HTTP Header.swift in Sources */,
				635CF88B293132EB00184766 /* SettingsView.swift in Sources */,
				635CF86E293127C300184766 /* ContentView.swift in Sources */,
				635CF89529314D9500184766 /* Toggle Sidebar.swift in Sources */,
				63A6328B293E7D19007FD5A0 /* Create Metadata File.swift in Sources */,
				635CF87F2931288900184766 /* InstanceListView.swift in Sources */,
				635CF89729315B6A00184766 /* Mod.swift in Sources */,
				63F0B94C29325AAC00317642 /* OpenModsFolderButton.swift in Sources */,
				63F0B9722932D3A700317642 /* CloseSheetButton.swift in Sources */,
				63F0B9612932B67C00317642 /* Extract Text Using REGEX.swift in Sources */,
				635CF893293141F300184766 /* Open Finder.swift in Sources */,
				63752952295F47960066EAC4 /* Authorization Request.swift in Sources */,
				63F0B95229328A7C00317642 /* Check if Exists At Path.swift in Sources */,
				63F4C0D12935042E00BC0328 /* UISettingsPane.swift in Sources */,
				637F79E2295A22D60048A781 /* Disable Mod.swift in Sources */,
				63CED97E294E55D70011905A /* Button - Encode and Decode Button Style to Data.swift in Sources */,
				63F4C0D62935073B00BC0328 /* Initialize User Defaults.swift in Sources */,
				63F0B96C2932D31E00317642 /* ImportArgumentSheet.swift in Sources */,
				63CED97A294E40350011905A /* AccountSettingsPage.swift in Sources */,
				63F4C0E72935388800BC0328 /* AddInstanceSheet.swift in Sources */,
				63F4C0E42935353200BC0328 /* SheetWithHeadline.swift in Sources */,
				6348586F2960F1E4005B7358 /* ButtonThatOpensWebsites.swift in Sources */,
				635CF8812931299F00184766 /* InstanceDetailView.swift in Sources */,
				63F0B96A2932D25D00317642 /* Copy to Clipboard.swift in Sources */,
				63267A73293AB10800E66588 /* Encode Data for Saving to Disk.swift in Sources */,
				63F0B95B2932B29F00317642 /* Networking Manager.swift in Sources */,
				63F0B95E2932B52700317642 /* Get Login Prerequisites.swift in Sources */,
				63A63289293E7A5C007FD5A0 /* Add Category.swift in Sources */,
				635CF8902931396F00184766 /* EditableLabel.swift in Sources */,
				636F5909294E78CF001A82E7 /* OnboardingView.swift in Sources */,
				635B4EC9295F5367003D31B6 /* AppDelegate.swift in Sources */,
				637F79E6295A2FE60048A781 /* Delete File.swift in Sources */,
				63752950295F13040066EAC4 /* Get Path to Mods Folder.swift in Sources */,
				63E7F6E2293B70E800D0C6FB /* Decode From Disk.swift in Sources */,
				63F0B94E2932622400317642 /* View - Conditional Modifiers.swift in Sources */,
				63F0B9502932870F00317642 /* App Globals.swift in Sources */,
				63C8ED7E293E5EB600394803 /* Get Path to Metadata File.swift in Sources */,
				63CED978294E3BC90011905A /* Color - Encode and Decode into Data.swift in Sources */,
				63F0B9682932CE3000317642 /* NicerTextEditor.swift in Sources */,
				635CF89C293164CC00184766 /* InstanceSettingJavaOptions.swift in Sources */,
				63C29B4E293971CF0083151C /* Delete Instance.swift in Sources */,
				63F0B94929324D0C00317642 /* NoticeView.swift in Sources */,
				63C0798F2984774B00582DFB /* AdjustableLabelButton.swift in Sources */,
				63F0B9572932A90500317642 /* InstanceSettingMinecraftOptions.swift in Sources */,
				63F0B9632932BDFE00317642 /* DividerMaintainingGridWidth.swift in Sources */,
				635CF86C293127C300184766 /* MCStartApp.swift in Sources */,
				635B4ECB295F540E003D31B6 /* NSApplication - Get App Name.swift in Sources */,
				637F79DD295A0F2A0048A781 /* Get Contents of Folder.swift in Sources */,
				6348586929607C3B005B7358 /* Networking Error.swift in Sources */,
				63CED976294E34360011905A /* FileSystemPickerView.swift in Sources */,
				63F0B9462932488100317642 /* Select File.swift in Sources */,
				637F79E0295A22CF0048A781 /* Enable Mod.swift in Sources */,
				63F0B95529328AA600317642 /* Initialize Folders.swift in Sources */,
				635CF89E293169CF00184766 /* App State.swift in Sources */,
				636F5906294E778F001A82E7 /* OtherSettingsPane.swift in Sources */,
				63752954295F4B980066EAC4 /* Microsoft Account.swift in Sources */,
				635CF88629312A3200184766 /* Instance.swift in Sources */,
				6364D43A295F84EC00CDEFBB /* String - To JSON.swift in Sources */,
				63AA3E1E293FF0CF005C7CDF /* Mod Loaders.swift in Sources */,
				637F79E4295A2A680048A781 /* Copy File.swift in Sources */,
				63A6328D293E8BA5007FD5A0 /* Add Instance.swift in Sources */,
				63F0B96E2932D32A00317642 /* ExportArgumentSheet.swift in Sources */,
				635B4ECD295F542C003D31B6 /* NSApplication - Get App Version.swift in Sources */,
				6348586C2960EFEE005B7358 /* Acknowledged Contributor.swift in Sources */,
				635CF87C2931281300184766 /* SidebarView.swift in Sources */,
				636F590B294E7BD7001A82E7 /* OnboardingPicture.swift in Sources */,
				63F4C0EC29357F6700BC0328 /* Alert Types.swift in Sources */,
				635CF88D2931338C00184766 /* Instance Settings.swift in Sources */,
				635B4ED2295F5572003D31B6 /* Used Package.swift in Sources */,
				635B4ECF295F5472003D31B6 /* AboutView.swift in Sources */,
				63C29B552939758E0083151C /* InstanceListItemView.swift in Sources */,
				63F4C0DF29351B1C00BC0328 /* AddCategorySheet.swift in Sources */,
				63F4C0E929353D4700BC0328 /* IconPicker.swift in Sources */,
				63267A70293AA8AB00E66588 /* Get Current Time and Date.swift in Sources */,
			);
			runOnlyForDeploymentPostprocessing = 0;
		};
/* End PBXSourcesBuildPhase section */

/* Begin XCBuildConfiguration section */
		635CF875293127C400184766 /* Debug */ = {
			isa = XCBuildConfiguration;
			buildSettings = {
				ALWAYS_SEARCH_USER_PATHS = NO;
				CLANG_ANALYZER_NONNULL = YES;
				CLANG_ANALYZER_NUMBER_OBJECT_CONVERSION = YES_AGGRESSIVE;
				CLANG_CXX_LANGUAGE_STANDARD = "gnu++20";
				CLANG_ENABLE_MODULES = YES;
				CLANG_ENABLE_OBJC_ARC = YES;
				CLANG_ENABLE_OBJC_WEAK = YES;
				CLANG_WARN_BLOCK_CAPTURE_AUTORELEASING = YES;
				CLANG_WARN_BOOL_CONVERSION = YES;
				CLANG_WARN_COMMA = YES;
				CLANG_WARN_CONSTANT_CONVERSION = YES;
				CLANG_WARN_DEPRECATED_OBJC_IMPLEMENTATIONS = YES;
				CLANG_WARN_DIRECT_OBJC_ISA_USAGE = YES_ERROR;
				CLANG_WARN_DOCUMENTATION_COMMENTS = YES;
				CLANG_WARN_EMPTY_BODY = YES;
				CLANG_WARN_ENUM_CONVERSION = YES;
				CLANG_WARN_INFINITE_RECURSION = YES;
				CLANG_WARN_INT_CONVERSION = YES;
				CLANG_WARN_NON_LITERAL_NULL_CONVERSION = YES;
				CLANG_WARN_OBJC_IMPLICIT_RETAIN_SELF = YES;
				CLANG_WARN_OBJC_LITERAL_CONVERSION = YES;
				CLANG_WARN_OBJC_ROOT_CLASS = YES_ERROR;
				CLANG_WARN_QUOTED_INCLUDE_IN_FRAMEWORK_HEADER = YES;
				CLANG_WARN_RANGE_LOOP_ANALYSIS = YES;
				CLANG_WARN_STRICT_PROTOTYPES = YES;
				CLANG_WARN_SUSPICIOUS_MOVE = YES;
				CLANG_WARN_UNGUARDED_AVAILABILITY = YES_AGGRESSIVE;
				CLANG_WARN_UNREACHABLE_CODE = YES;
				CLANG_WARN__DUPLICATE_METHOD_MATCH = YES;
				COPY_PHASE_STRIP = NO;
				DEAD_CODE_STRIPPING = YES;
				DEBUG_INFORMATION_FORMAT = dwarf;
				ENABLE_STRICT_OBJC_MSGSEND = YES;
				ENABLE_TESTABILITY = YES;
				GCC_C_LANGUAGE_STANDARD = gnu11;
				GCC_DYNAMIC_NO_PIC = NO;
				GCC_NO_COMMON_BLOCKS = YES;
				GCC_OPTIMIZATION_LEVEL = 0;
				GCC_PREPROCESSOR_DEFINITIONS = (
					"DEBUG=1",
					"$(inherited)",
				);
				GCC_WARN_64_TO_32_BIT_CONVERSION = YES;
				GCC_WARN_ABOUT_RETURN_TYPE = YES_ERROR;
				GCC_WARN_UNDECLARED_SELECTOR = YES;
				GCC_WARN_UNINITIALIZED_AUTOS = YES_AGGRESSIVE;
				GCC_WARN_UNUSED_FUNCTION = YES;
				GCC_WARN_UNUSED_VARIABLE = YES;
				MACOSX_DEPLOYMENT_TARGET = 13.0;
				MTL_ENABLE_DEBUG_INFO = INCLUDE_SOURCE;
				MTL_FAST_MATH = YES;
				ONLY_ACTIVE_ARCH = YES;
				SDKROOT = macosx;
				SWIFT_ACTIVE_COMPILATION_CONDITIONS = DEBUG;
				SWIFT_OPTIMIZATION_LEVEL = "-Onone";
			};
			name = Debug;
		};
		635CF876293127C400184766 /* Release */ = {
			isa = XCBuildConfiguration;
			buildSettings = {
				ALWAYS_SEARCH_USER_PATHS = NO;
				CLANG_ANALYZER_NONNULL = YES;
				CLANG_ANALYZER_NUMBER_OBJECT_CONVERSION = YES_AGGRESSIVE;
				CLANG_CXX_LANGUAGE_STANDARD = "gnu++20";
				CLANG_ENABLE_MODULES = YES;
				CLANG_ENABLE_OBJC_ARC = YES;
				CLANG_ENABLE_OBJC_WEAK = YES;
				CLANG_WARN_BLOCK_CAPTURE_AUTORELEASING = YES;
				CLANG_WARN_BOOL_CONVERSION = YES;
				CLANG_WARN_COMMA = YES;
				CLANG_WARN_CONSTANT_CONVERSION = YES;
				CLANG_WARN_DEPRECATED_OBJC_IMPLEMENTATIONS = YES;
				CLANG_WARN_DIRECT_OBJC_ISA_USAGE = YES_ERROR;
				CLANG_WARN_DOCUMENTATION_COMMENTS = YES;
				CLANG_WARN_EMPTY_BODY = YES;
				CLANG_WARN_ENUM_CONVERSION = YES;
				CLANG_WARN_INFINITE_RECURSION = YES;
				CLANG_WARN_INT_CONVERSION = YES;
				CLANG_WARN_NON_LITERAL_NULL_CONVERSION = YES;
				CLANG_WARN_OBJC_IMPLICIT_RETAIN_SELF = YES;
				CLANG_WARN_OBJC_LITERAL_CONVERSION = YES;
				CLANG_WARN_OBJC_ROOT_CLASS = YES_ERROR;
				CLANG_WARN_QUOTED_INCLUDE_IN_FRAMEWORK_HEADER = YES;
				CLANG_WARN_RANGE_LOOP_ANALYSIS = YES;
				CLANG_WARN_STRICT_PROTOTYPES = YES;
				CLANG_WARN_SUSPICIOUS_MOVE = YES;
				CLANG_WARN_UNGUARDED_AVAILABILITY = YES_AGGRESSIVE;
				CLANG_WARN_UNREACHABLE_CODE = YES;
				CLANG_WARN__DUPLICATE_METHOD_MATCH = YES;
				COPY_PHASE_STRIP = NO;
				DEAD_CODE_STRIPPING = YES;
				DEBUG_INFORMATION_FORMAT = "dwarf-with-dsym";
				ENABLE_NS_ASSERTIONS = NO;
				ENABLE_STRICT_OBJC_MSGSEND = YES;
				GCC_C_LANGUAGE_STANDARD = gnu11;
				GCC_NO_COMMON_BLOCKS = YES;
				GCC_WARN_64_TO_32_BIT_CONVERSION = YES;
				GCC_WARN_ABOUT_RETURN_TYPE = YES_ERROR;
				GCC_WARN_UNDECLARED_SELECTOR = YES;
				GCC_WARN_UNINITIALIZED_AUTOS = YES_AGGRESSIVE;
				GCC_WARN_UNUSED_FUNCTION = YES;
				GCC_WARN_UNUSED_VARIABLE = YES;
				MACOSX_DEPLOYMENT_TARGET = 13.0;
				MTL_ENABLE_DEBUG_INFO = NO;
				MTL_FAST_MATH = YES;
				SDKROOT = macosx;
				SWIFT_COMPILATION_MODE = wholemodule;
				SWIFT_OPTIMIZATION_LEVEL = "-O";
			};
			name = Release;
		};
		635CF878293127C400184766 /* Debug */ = {
			isa = XCBuildConfiguration;
			buildSettings = {
				ASSETCATALOG_COMPILER_APPICON_NAME = AppIcon;
				ASSETCATALOG_COMPILER_GLOBAL_ACCENT_COLOR_NAME = AccentColor;
				CODE_SIGN_ENTITLEMENTS = MCStart/MCStart.entitlements;
				CODE_SIGN_IDENTITY = "-";
				"CODE_SIGN_IDENTITY[sdk=macosx*]" = "Apple Development";
				CODE_SIGN_STYLE = Automatic;
				COMBINE_HIDPI_IMAGES = YES;
				CURRENT_PROJECT_VERSION = 1;
				DEAD_CODE_STRIPPING = YES;
				DEVELOPMENT_ASSET_PATHS = "\"MCStart/Preview Content\"";
				DEVELOPMENT_TEAM = ZSVA6DVZHM;
				ENABLE_HARDENED_RUNTIME = YES;
				ENABLE_PREVIEWS = YES;
				GENERATE_INFOPLIST_FILE = YES;
				INFOPLIST_FILE = MCStart/Info.plist;
				INFOPLIST_KEY_NSHumanReadableCopyright = "";
				LD_RUNPATH_SEARCH_PATHS = (
					"$(inherited)",
					"@executable_path/../Frameworks",
				);
				MARKETING_VERSION = 1.0;
				PRODUCT_BUNDLE_IDENTIFIER = com.davidbures.MCStart;
				PRODUCT_NAME = "$(TARGET_NAME)";
				SWIFT_EMIT_LOC_STRINGS = YES;
				SWIFT_VERSION = 5.0;
			};
			name = Debug;
		};
		635CF879293127C400184766 /* Release */ = {
			isa = XCBuildConfiguration;
			buildSettings = {
				ASSETCATALOG_COMPILER_APPICON_NAME = AppIcon;
				ASSETCATALOG_COMPILER_GLOBAL_ACCENT_COLOR_NAME = AccentColor;
				CODE_SIGN_ENTITLEMENTS = MCStart/MCStart.entitlements;
				CODE_SIGN_IDENTITY = "-";
				"CODE_SIGN_IDENTITY[sdk=macosx*]" = "Apple Development";
				CODE_SIGN_STYLE = Automatic;
				COMBINE_HIDPI_IMAGES = YES;
				CURRENT_PROJECT_VERSION = 1;
				DEAD_CODE_STRIPPING = YES;
				DEVELOPMENT_ASSET_PATHS = "\"MCStart/Preview Content\"";
				DEVELOPMENT_TEAM = ZSVA6DVZHM;
				ENABLE_HARDENED_RUNTIME = YES;
				ENABLE_PREVIEWS = YES;
				GENERATE_INFOPLIST_FILE = YES;
				INFOPLIST_FILE = MCStart/Info.plist;
				INFOPLIST_KEY_NSHumanReadableCopyright = "";
				LD_RUNPATH_SEARCH_PATHS = (
					"$(inherited)",
					"@executable_path/../Frameworks",
				);
				MARKETING_VERSION = 1.0;
				PRODUCT_BUNDLE_IDENTIFIER = com.davidbures.MCStart;
				PRODUCT_NAME = "$(TARGET_NAME)";
				SWIFT_EMIT_LOC_STRINGS = YES;
				SWIFT_VERSION = 5.0;
			};
			name = Release;
		};
/* End XCBuildConfiguration section */

/* Begin XCConfigurationList section */
		635CF863293127C300184766 /* Build configuration list for PBXProject "MCStart" */ = {
			isa = XCConfigurationList;
			buildConfigurations = (
				635CF875293127C400184766 /* Debug */,
				635CF876293127C400184766 /* Release */,
			);
			defaultConfigurationIsVisible = 0;
			defaultConfigurationName = Release;
		};
		635CF877293127C400184766 /* Build configuration list for PBXNativeTarget "MCStart" */ = {
			isa = XCConfigurationList;
			buildConfigurations = (
				635CF878293127C400184766 /* Debug */,
				635CF879293127C400184766 /* Release */,
			);
			defaultConfigurationIsVisible = 0;
			defaultConfigurationName = Release;
		};
/* End XCConfigurationList section */

/* Begin XCRemoteSwiftPackageReference section */
		63887425295F8A6F00107253 /* XCRemoteSwiftPackageReference "DSFSearchField" */ = {
			isa = XCRemoteSwiftPackageReference;
			repositoryURL = "https://github.com/dagronf/DSFSearchField";
			requirement = {
				branch = main;
				kind = branch;
			};
		};
		63887426295F8A7800107253 /* XCRemoteSwiftPackageReference "SymbolPicker" */ = {
			isa = XCRemoteSwiftPackageReference;
			repositoryURL = "https://github.com/xnth97/SymbolPicker";
			requirement = {
				branch = main;
				kind = branch;
			};
		};
		63DB5E71295F8C1D00A43F18 /* XCRemoteSwiftPackageReference "microsoft-authentication-library-for-objc" */ = {
			isa = XCRemoteSwiftPackageReference;
			repositoryURL = "https://github.com/AzureAD/microsoft-authentication-library-for-objc";
			requirement = {
				branch = dev;
				kind = branch;
			};
		};
/* End XCRemoteSwiftPackageReference section */

/* Begin XCSwiftPackageProductDependency section */
		63DB5E6A295F8BB900A43F18 /* DSFSearchField */ = {
			isa = XCSwiftPackageProductDependency;
			package = 63887425295F8A6F00107253 /* XCRemoteSwiftPackageReference "DSFSearchField" */;
			productName = DSFSearchField;
		};
		63DB5E6C295F8BBD00A43F18 /* SymbolPicker */ = {
			isa = XCSwiftPackageProductDependency;
			package = 63887426295F8A7800107253 /* XCRemoteSwiftPackageReference "SymbolPicker" */;
			productName = SymbolPicker;
		};
		63DB5E72295F8C1D00A43F18 /* MSAL */ = {
			isa = XCSwiftPackageProductDependency;
			package = 63DB5E71295F8C1D00A43F18 /* XCRemoteSwiftPackageReference "microsoft-authentication-library-for-objc" */;
			productName = MSAL;
		};
/* End XCSwiftPackageProductDependency section */
	};
	rootObject = 635CF860293127C300184766 /* Project object */;
}
